
Microsoft Visual Studio Solution File, Format Version 12.00
# Visual Studio Version 16
VisualStudioVersion = 16.0.30114.105
MinimumVisualStudioVersion = 10.0.40219.1
Project("{FAE04EC0-301F-11D3-BF4B-00C04F79EFBC}") = "defi-csharp", "defi-csharp\defi-csharp.csproj", "{64E9CBA3-AFF4-4082-96D6-4531F8D6EFCC}"
EndProject
Project("{FAE04EC0-301F-11D3-BF4B-00C04F79EFBC}") = "defi-csharp-tests", "defi-csharp-tests\defi-csharp-tests.csproj", "{5043CEC5-98B3-4DDC-9BD9-733A6C7FC44D}"
EndProject
Global
	GlobalSection(SolutionConfigurationPlatforms) = preSolution
		Debug|Any CPU = Debug|Any CPU
		Release|Any CPU = Release|Any CPU
	EndGlobalSection
	GlobalSection(SolutionProperties) = preSolution
		HideSolutionNode = FALSE
	EndGlobalSection
	GlobalSection(ProjectConfigurationPlatforms) = postSolution
		{64E9CBA3-AFF4-4082-96D6-4531F8D6EFCC}.Debug|Any CPU.ActiveCfg = Debug|Any CPU
		{64E9CBA3-AFF4-4082-96D6-4531F8D6EFCC}.Debug|Any CPU.Build.0 = Debug|Any CPU
		{64E9CBA3-AFF4-4082-96D6-4531F8D6EFCC}.Release|Any CPU.ActiveCfg = Release|Any CPU
		{64E9CBA3-AFF4-4082-96D6-4531F8D6EFCC}.Release|Any CPU.Build.0 = Release|Any CPU
		{5043CEC5-98B3-4DDC-9BD9-733A6C7FC44D}.Debug|Any CPU.ActiveCfg = Debug|Any CPU
		{5043CEC5-98B3-4DDC-9BD9-733A6C7FC44D}.Debug|Any CPU.Build.0 = Debug|Any CPU
		{5043CEC5-98B3-4DDC-9BD9-733A6C7FC44D}.Release|Any CPU.ActiveCfg = Release|Any CPU
		{5043CEC5-98B3-4DDC-9BD9-733A6C7FC44D}.Release|Any CPU.Build.0 = Release|Any CPU
	EndGlobalSection
EndGlobal
